{
    "name": "Markdown Editor",
    "version": "1.0.0",
    "lockfileVersion": 1,
    "requires": true,
    "dependencies": {
        "argparse": {
            "version": "1.0.9",
            "resolved": "https://registry.npmjs.org/argparse/-/argparse-1.0.9.tgz",
            "integrity": "sha1-c9g7wmP4bpf4zE9rrhsOkKfSLIY=",
            "requires": {
                "sprintf-js": "1.0.3"
            }
        },
        "codemirror": {
            "version": "5.33.0",
            "resolved": "https://registry.npmjs.org/codemirror/-/codemirror-5.33.0.tgz",
            "integrity": "sha512-HT6PKVqkwpzwB3jl5hXFoQteEWXbSWMzG3Z8RVYlx8hZwCOLCy4NU7vkSB3dYX3e6ORwRfGw4uFOXaw4rn/a9Q=="
        },
        "entities": {
            "version": "1.1.1",
            "resolved": "https://registry.npmjs.org/entities/-/entities-1.1.1.tgz",
            "integrity": "sha1-blwtClYhtdra7O+AuQ7ftc13cvA="
        },
        "eve": {
            "version": "git://github.com/adobe-webplatform/eve.git#eef80ed8d188423c2272746fb8ae5cc8dad84cb1"
        },
        "highlight.js": {
            "version": "9.12.0",
            "resolved": "https://registry.npmjs.org/highlight.js/-/highlight.js-9.12.0.tgz",
            "integrity": "sha1-5tnb5Xy+/mB1HwKvM2GVhwyQwB4="
        },
        "jquery": {
            "version": "2.2.4",
            "resolved": "https://registry.npmjs.org/jquery/-/jquery-2.2.4.tgz",
            "integrity": "sha1-LInWiJterFIqfuoywUUhVZxsvwI="
        },
        "linkify-it": {
            "version": "2.0.3",
            "resolved": "https://registry.npmjs.org/linkify-it/-/linkify-it-2.0.3.tgz",
            "integrity": "sha1-2UpGSPmxwXnWT6lykSaL22zpQ08=",
            "requires": {
                "uc.micro": "1.0.5"
            }
        },
        "markdown-it": {
            "version": "8.4.0",
            "resolved": "https://registry.npmjs.org/markdown-it/-/markdown-it-8.4.0.tgz",
            "integrity": "sha512-tNuOCCfunY5v5uhcO2AUMArvKAyKMygX8tfup/JrgnsDqcCATQsAExBq7o5Ml9iMmO82bk6jYNLj6khcrl0JGA==",
            "requires": {
                "argparse": "1.0.9",
                "entities": "1.1.1",
                "linkify-it": "2.0.3",
                "mdurl": "1.0.1",
                "uc.micro": "1.0.5"
            }
        },
        "mdurl": {
            "version": "1.0.1",
            "resolved": "https://registry.npmjs.org/mdurl/-/mdurl-1.0.1.tgz",
            "integrity": "sha1-/oWy7HWlkDfyrf7BAP1sYBdhFS4="
        },
        "pako": {
            "version": "1.0.3",
            "resolved": "https://registry.npmjs.org/pako/-/pako-1.0.3.tgz",
            "integrity": "sha1-X1FbDGci4ZgpIK6ABerLC3ynPM8="
        },
        "plantuml-encoder": {
            "version": "github:kyuwoo-choi/plantuml-encoder#156729063bfa62da6fa5f577627ebab57ae98c95",
            "requires": {
                "pako": "1.0.3",
                "utf8-bytes": "0.0.1"
            }
        },
        "raphael": {
            "version": "git+https://github.com/nhnent/raphael.git#38d4ba69d2207954c02b6f64369b5405e40c56a6",
            "requires": {
                "eve": "git://github.com/adobe-webplatform/eve.git#eef80ed8d188423c2272746fb8ae5cc8dad84cb1"
            }
        },
        "sprintf-js": {
            "version": "1.0.3",
            "resolved": "https://registry.npmjs.org/sprintf-js/-/sprintf-js-1.0.3.tgz",
            "integrity": "sha1-BOaSb2YolTVPPdAVIDYzuFcpfiw="
        },
        "squire-rte": {
            "version": "1.8.11",
            "resolved": "https://registry.npmjs.org/squire-rte/-/squire-rte-1.8.11.tgz",
            "integrity": "sha512-WCDzftwAWKiNkSNG8vhiKG+SkhWdN+YHt+XCJLeN/r7ROkuSYJENSCm+DAlpeSwz5Md+TWl1M8RfkK8Ukdjyng=="
        },
        "toMark": {
            "version": "github:nhnent/toMark#d611f9e6cca35373dad15ced8ffdf7aa7828a7a4"
        },
        "tui-chart": {
            "version": "2.14.1",
            "resolved": "https://registry.npmjs.org/tui-chart/-/tui-chart-2.14.1.tgz",
            "integrity": "sha512-PzLrJv7ViGkCkxV+od55dXl5NqV3Grp51/6ErzQDE1Gqo69OMxypLhzuBMn179d+1mqYbhYmnX/3iEY5uuVTnQ==",
            "requires": {
                "raphael": "git+https://github.com/nhnent/raphael.git#38d4ba69d2207954c02b6f64369b5405e40c56a6",
                "tui-code-snippet": "1.2.9"
            }
        },
        "tui-code-snippet": {
            "version": "1.2.9",
            "resolved": "https://registry.npmjs.org/tui-code-snippet/-/tui-code-snippet-1.2.9.tgz",
            "integrity": "sha512-hCNeB81R3dlnbojYhcfu3Z8binnarFanbJiS3hFkORt5FiEqHfQ1YL82xyQLby5IUaykZJAdCY7l+6hJxwfVSw=="
        },
        "tui-color-picker": {
            "version": "2.0.1",
            "resolved": "https://registry.npmjs.org/tui-color-picker/-/tui-color-picker-2.0.1.tgz",
            "integrity": "sha1-PKyIIwBliyYEr+oPysLm2bJp6vg=",
            "requires": {
                "tui-code-snippet": "1.2.9"
            }
        },
        "tui-editor": {
            "version": "1.0.1",
            "resolved": "https://registry.npmjs.org/tui-editor/-/tui-editor-1.0.1.tgz",
            "integrity": "sha512-HsqJcYkvksYn1oYE83wg/iGLkziXQTYuEc2p42tw056x7RV+uoQgu8eVGNz+5odqW7e0SWo9CGeyfOLtw3NN6g==",
            "requires": {
                "codemirror": "5.33.0",
                "highlight.js": "9.12.0",
                "jquery": "2.2.4",
                "markdown-it": "8.4.0",
                "plantuml-encoder": "github:kyuwoo-choi/plantuml-encoder#156729063bfa62da6fa5f577627ebab57ae98c95",
                "squire-rte": "1.8.11",
                "toMark": "github:nhnent/toMark#d611f9e6cca35373dad15ced8ffdf7aa7828a7a4",
                "tui-chart": "2.14.1",
                "tui-code-snippet": "1.2.9",
                "tui-color-picker": "2.0.1"
            }
        },
        "uc.micro": {
            "version": "1.0.5",
            "resolved": "https://registry.npmjs.org/uc.micro/-/uc.micro-1.0.5.tgz",
            "integrity": "sha512-JoLI4g5zv5qNyT09f4YAvEZIIV1oOjqnewYg5D38dkQljIzpPT296dbIGvKro3digYI1bkb7W6EP1y4uDlmzLg=="
        },
        "utf8-bytes": {
            "version": "0.0.1",
            "resolved": "https://registry.npmjs.org/utf8-bytes/-/utf8-bytes-0.0.1.tgz",
            "integrity": "sha1-EWsCVEjJtQAIHN+/H01sbDfYg30="
        }
    }
}
